
Microsoft Visual Studio Solution File, Format Version 12.00
# Visual Studio Version 17
VisualStudioVersion = 17.4.33205.214
MinimumVisualStudioVersion = 10.0.40219.1
Project("{2150E333-8FDC-42A3-9474-1A3956D46DE8}") = "src", "src", "{A1B0B3E0-64A0-4302-AA33-4A0D952CD874}"
EndProject
Project("{2150E333-8FDC-42A3-9474-1A3956D46DE8}") = "Solution Items", "Solution Items", "{3290CA3D-188F-4CE5-B543-8DC85D59D0C4}"
	ProjectSection(SolutionItems) = preProject
		ServiceUrls.txt = ServiceUrls.txt
	EndProjectSection
EndProject
Project("{2150E333-8FDC-42A3-9474-1A3956D46DE8}") = "ApiGateways", "ApiGateways", "{F5DE5960-08F5-492E-809D-656DBC41B3DE}"
EndProject
Project("{2150E333-8FDC-42A3-9474-1A3956D46DE8}") = "BuildingBlocks", "BuildingBlocks", "{049BECED-3B5D-4060-B380-053578954000}"
EndProject
Project("{2150E333-8FDC-42A3-9474-1A3956D46DE8}") = "Services", "Services", "{F5BF0316-4A59-4FAA-AD75-FA5505B9A4AD}"
EndProject
Project("{2150E333-8FDC-42A3-9474-1A3956D46DE8}") = "Clients", "Clients", "{3114169A-EF65-4ED1-B214-5AC1D6277745}"
EndProject
Project("{2150E333-8FDC-42A3-9474-1A3956D46DE8}") = "BlazorWebApp", "BlazorWebApp", "{B0D7B9D1-A8C6-4A2B-9B2F-67E1E04998A9}"
EndProject
Project("{2150E333-8FDC-42A3-9474-1A3956D46DE8}") = "WebApiGateway", "WebApiGateway", "{3B8DC455-3A41-47F2-B8C9-6908806FD472}"
EndProject
Project("{FAE04EC0-301F-11D3-BF4B-00C04F79EFBC}") = "Web.ApiGateway", "src\ApiGateways\WebApiGateway\Web.ApiGateway\Web.ApiGateway.csproj", "{88998711-825C-46DC-8D95-058E9974C0C9}"
EndProject
Project("{2150E333-8FDC-42A3-9474-1A3956D46DE8}") = "EventBus", "EventBus", "{60FA2B66-D349-4AD1-8EAF-47931938CF84}"
EndProject
Project("{FAE04EC0-301F-11D3-BF4B-00C04F79EFBC}") = "EventBus.Base", "src\BuildingBlocks\EventBus\EventBus.Base\EventBus.Base.csproj", "{A837C286-BEB7-4174-8692-A8EFCB73FC6C}"
EndProject
Project("{FAE04EC0-301F-11D3-BF4B-00C04F79EFBC}") = "EventBus.Factory", "src\BuildingBlocks\EventBus\EventBus.Factory\EventBus.Factory.csproj", "{E38F7FB1-EB79-4632-AAC0-4C62BD7CFF8C}"
EndProject
Project("{FAE04EC0-301F-11D3-BF4B-00C04F79EFBC}") = "EventBus.AzureServiceBus", "src\BuildingBlocks\EventBus\EventBus.AzureServiceBus\EventBus.AzureServiceBus.csproj", "{0CA6E10E-3D76-465B-9E8F-50D5E4455CBA}"
EndProject
Project("{FAE04EC0-301F-11D3-BF4B-00C04F79EFBC}") = "EventBus.RabbitMQ", "src\BuildingBlocks\EventBus\EventBus.RabbitMQ\EventBus.RabbitMQ.csproj", "{BC726F49-DE25-4196-B0F0-A06809E1ACA8}"
EndProject
Project("{FAE04EC0-301F-11D3-BF4B-00C04F79EFBC}") = "WebApp", "src\Clients\BlazorWebApp\WebApp\WebApp.csproj", "{6ECE545A-065C-4D2E-B3B1-01FFA713B516}"
EndProject
Project("{2150E333-8FDC-42A3-9474-1A3956D46DE8}") = "BasketService", "BasketService", "{F3667A85-B858-40FD-8991-522EC0C75694}"
EndProject
Project("{FAE04EC0-301F-11D3-BF4B-00C04F79EFBC}") = "BasketService.Api", "src\Services\BasketService\BasketService.Api\BasketService.Api.csproj", "{40FD7BEB-9CEE-437F-B1BF-6C30BF674BEC}"
EndProject
Project("{2150E333-8FDC-42A3-9474-1A3956D46DE8}") = "CatalogService", "CatalogService", "{97E360C1-DC4F-40EE-883D-D82813048FB3}"
EndProject
Project("{FAE04EC0-301F-11D3-BF4B-00C04F79EFBC}") = "CatalogService.Api", "src\Services\CatalogService\CatalogService.Api\CatalogService.Api.csproj", "{B3F1F11F-C0D6-4C40-88FD-DA94A8D3C8DC}"
EndProject
Project("{2150E333-8FDC-42A3-9474-1A3956D46DE8}") = "IdentityService", "IdentityService", "{06657C3C-6AC9-43E2-9D9C-6501C2D3CC0D}"
EndProject
Project("{FAE04EC0-301F-11D3-BF4B-00C04F79EFBC}") = "IdentityService.Api", "src\Services\IdentityService\IdentityService.Api\IdentityService.Api.csproj", "{E482C3AF-5A09-47FE-B0D5-1252C86E20C1}"
EndProject
Project("{2150E333-8FDC-42A3-9474-1A3956D46DE8}") = "NotificationService", "NotificationService", "{955BDE00-7B15-4C11-84FB-90CABD17C618}"
EndProject
Project("{FAE04EC0-301F-11D3-BF4B-00C04F79EFBC}") = "NotificationService", "src\Services\NotificationService\NotificationService\NotificationService.csproj", "{77B5119A-43A3-4F3A-B0DF-7672774DBC7A}"
EndProject
Project("{2150E333-8FDC-42A3-9474-1A3956D46DE8}") = "OrderService", "OrderService", "{6E904BBD-1BA0-44DC-BBD1-4A4FAD867BFB}"
EndProject
Project("{FAE04EC0-301F-11D3-BF4B-00C04F79EFBC}") = "OrderService.Domain", "src\Services\OrderService\OrderService.Domain\OrderService.Domain.csproj", "{00EDEE5C-7305-4B96-93E2-AD366AF66AB8}"
EndProject
Global
	GlobalSection(SolutionConfigurationPlatforms) = preSolution
		Debug|Any CPU = Debug|Any CPU
		Release|Any CPU = Release|Any CPU
	EndGlobalSection
	GlobalSection(ProjectConfigurationPlatforms) = postSolution
		{88998711-825C-46DC-8D95-058E9974C0C9}.Debug|Any CPU.ActiveCfg = Debug|Any CPU
		{88998711-825C-46DC-8D95-058E9974C0C9}.Debug|Any CPU.Build.0 = Debug|Any CPU
		{88998711-825C-46DC-8D95-058E9974C0C9}.Release|Any CPU.ActiveCfg = Release|Any CPU
		{88998711-825C-46DC-8D95-058E9974C0C9}.Release|Any CPU.Build.0 = Release|Any CPU
		{A837C286-BEB7-4174-8692-A8EFCB73FC6C}.Debug|Any CPU.ActiveCfg = Debug|Any CPU
		{A837C286-BEB7-4174-8692-A8EFCB73FC6C}.Debug|Any CPU.Build.0 = Debug|Any CPU
		{A837C286-BEB7-4174-8692-A8EFCB73FC6C}.Release|Any CPU.ActiveCfg = Release|Any CPU
		{A837C286-BEB7-4174-8692-A8EFCB73FC6C}.Release|Any CPU.Build.0 = Release|Any CPU
		{E38F7FB1-EB79-4632-AAC0-4C62BD7CFF8C}.Debug|Any CPU.ActiveCfg = Debug|Any CPU
		{E38F7FB1-EB79-4632-AAC0-4C62BD7CFF8C}.Debug|Any CPU.Build.0 = Debug|Any CPU
		{E38F7FB1-EB79-4632-AAC0-4C62BD7CFF8C}.Release|Any CPU.ActiveCfg = Release|Any CPU
		{E38F7FB1-EB79-4632-AAC0-4C62BD7CFF8C}.Release|Any CPU.Build.0 = Release|Any CPU
		{0CA6E10E-3D76-465B-9E8F-50D5E4455CBA}.Debug|Any CPU.ActiveCfg = Debug|Any CPU
		{0CA6E10E-3D76-465B-9E8F-50D5E4455CBA}.Debug|Any CPU.Build.0 = Debug|Any CPU
		{0CA6E10E-3D76-465B-9E8F-50D5E4455CBA}.Release|Any CPU.ActiveCfg = Release|Any CPU
		{0CA6E10E-3D76-465B-9E8F-50D5E4455CBA}.Release|Any CPU.Build.0 = Release|Any CPU
		{BC726F49-DE25-4196-B0F0-A06809E1ACA8}.Debug|Any CPU.ActiveCfg = Debug|Any CPU
		{BC726F49-DE25-4196-B0F0-A06809E1ACA8}.Debug|Any CPU.Build.0 = Debug|Any CPU
		{BC726F49-DE25-4196-B0F0-A06809E1ACA8}.Release|Any CPU.ActiveCfg = Release|Any CPU
		{BC726F49-DE25-4196-B0F0-A06809E1ACA8}.Release|Any CPU.Build.0 = Release|Any CPU
		{6ECE545A-065C-4D2E-B3B1-01FFA713B516}.Debug|Any CPU.ActiveCfg = Debug|Any CPU
		{6ECE545A-065C-4D2E-B3B1-01FFA713B516}.Debug|Any CPU.Build.0 = Debug|Any CPU
		{6ECE545A-065C-4D2E-B3B1-01FFA713B516}.Release|Any CPU.ActiveCfg = Release|Any CPU
		{6ECE545A-065C-4D2E-B3B1-01FFA713B516}.Release|Any CPU.Build.0 = Release|Any CPU
		{40FD7BEB-9CEE-437F-B1BF-6C30BF674BEC}.Debug|Any CPU.ActiveCfg = Debug|Any CPU
		{40FD7BEB-9CEE-437F-B1BF-6C30BF674BEC}.Debug|Any CPU.Build.0 = Debug|Any CPU
		{40FD7BEB-9CEE-437F-B1BF-6C30BF674BEC}.Release|Any CPU.ActiveCfg = Release|Any CPU
		{40FD7BEB-9CEE-437F-B1BF-6C30BF674BEC}.Release|Any CPU.Build.0 = Release|Any CPU
		{B3F1F11F-C0D6-4C40-88FD-DA94A8D3C8DC}.Debug|Any CPU.ActiveCfg = Debug|Any CPU
		{B3F1F11F-C0D6-4C40-88FD-DA94A8D3C8DC}.Debug|Any CPU.Build.0 = Debug|Any CPU
		{B3F1F11F-C0D6-4C40-88FD-DA94A8D3C8DC}.Release|Any CPU.ActiveCfg = Release|Any CPU
		{B3F1F11F-C0D6-4C40-88FD-DA94A8D3C8DC}.Release|Any CPU.Build.0 = Release|Any CPU
		{E482C3AF-5A09-47FE-B0D5-1252C86E20C1}.Debug|Any CPU.ActiveCfg = Debug|Any CPU
		{E482C3AF-5A09-47FE-B0D5-1252C86E20C1}.Debug|Any CPU.Build.0 = Debug|Any CPU
		{E482C3AF-5A09-47FE-B0D5-1252C86E20C1}.Release|Any CPU.ActiveCfg = Release|Any CPU
		{E482C3AF-5A09-47FE-B0D5-1252C86E20C1}.Release|Any CPU.Build.0 = Release|Any CPU
		{77B5119A-43A3-4F3A-B0DF-7672774DBC7A}.Debug|Any CPU.ActiveCfg = Debug|Any CPU
		{77B5119A-43A3-4F3A-B0DF-7672774DBC7A}.Debug|Any CPU.Build.0 = Debug|Any CPU
		{77B5119A-43A3-4F3A-B0DF-7672774DBC7A}.Release|Any CPU.ActiveCfg = Release|Any CPU
		{77B5119A-43A3-4F3A-B0DF-7672774DBC7A}.Release|Any CPU.Build.0 = Release|Any CPU
		{00EDEE5C-7305-4B96-93E2-AD366AF66AB8}.Debug|Any CPU.ActiveCfg = Debug|Any CPU
		{00EDEE5C-7305-4B96-93E2-AD366AF66AB8}.Debug|Any CPU.Build.0 = Debug|Any CPU
		{00EDEE5C-7305-4B96-93E2-AD366AF66AB8}.Release|Any CPU.ActiveCfg = Release|Any CPU
		{00EDEE5C-7305-4B96-93E2-AD366AF66AB8}.Release|Any CPU.Build.0 = Release|Any CPU
	EndGlobalSection
	GlobalSection(SolutionProperties) = preSolution
		HideSolutionNode = FALSE
	EndGlobalSection
	GlobalSection(NestedProjects) = preSolution
		{F5DE5960-08F5-492E-809D-656DBC41B3DE} = {A1B0B3E0-64A0-4302-AA33-4A0D952CD874}
		{049BECED-3B5D-4060-B380-053578954000} = {A1B0B3E0-64A0-4302-AA33-4A0D952CD874}
		{F5BF0316-4A59-4FAA-AD75-FA5505B9A4AD} = {A1B0B3E0-64A0-4302-AA33-4A0D952CD874}
		{3114169A-EF65-4ED1-B214-5AC1D6277745} = {A1B0B3E0-64A0-4302-AA33-4A0D952CD874}
		{B0D7B9D1-A8C6-4A2B-9B2F-67E1E04998A9} = {3114169A-EF65-4ED1-B214-5AC1D6277745}
		{3B8DC455-3A41-47F2-B8C9-6908806FD472} = {F5DE5960-08F5-492E-809D-656DBC41B3DE}
		{88998711-825C-46DC-8D95-058E9974C0C9} = {3B8DC455-3A41-47F2-B8C9-6908806FD472}
		{60FA2B66-D349-4AD1-8EAF-47931938CF84} = {049BECED-3B5D-4060-B380-053578954000}
		{A837C286-BEB7-4174-8692-A8EFCB73FC6C} = {60FA2B66-D349-4AD1-8EAF-47931938CF84}
		{E38F7FB1-EB79-4632-AAC0-4C62BD7CFF8C} = {60FA2B66-D349-4AD1-8EAF-47931938CF84}
		{0CA6E10E-3D76-465B-9E8F-50D5E4455CBA} = {60FA2B66-D349-4AD1-8EAF-47931938CF84}
		{BC726F49-DE25-4196-B0F0-A06809E1ACA8} = {60FA2B66-D349-4AD1-8EAF-47931938CF84}
		{6ECE545A-065C-4D2E-B3B1-01FFA713B516} = {B0D7B9D1-A8C6-4A2B-9B2F-67E1E04998A9}
		{F3667A85-B858-40FD-8991-522EC0C75694} = {F5BF0316-4A59-4FAA-AD75-FA5505B9A4AD}
		{40FD7BEB-9CEE-437F-B1BF-6C30BF674BEC} = {F3667A85-B858-40FD-8991-522EC0C75694}
		{97E360C1-DC4F-40EE-883D-D82813048FB3} = {F5BF0316-4A59-4FAA-AD75-FA5505B9A4AD}
		{B3F1F11F-C0D6-4C40-88FD-DA94A8D3C8DC} = {97E360C1-DC4F-40EE-883D-D82813048FB3}
		{06657C3C-6AC9-43E2-9D9C-6501C2D3CC0D} = {F5BF0316-4A59-4FAA-AD75-FA5505B9A4AD}
		{E482C3AF-5A09-47FE-B0D5-1252C86E20C1} = {06657C3C-6AC9-43E2-9D9C-6501C2D3CC0D}
		{955BDE00-7B15-4C11-84FB-90CABD17C618} = {F5BF0316-4A59-4FAA-AD75-FA5505B9A4AD}
		{77B5119A-43A3-4F3A-B0DF-7672774DBC7A} = {955BDE00-7B15-4C11-84FB-90CABD17C618}
		{6E904BBD-1BA0-44DC-BBD1-4A4FAD867BFB} = {F5BF0316-4A59-4FAA-AD75-FA5505B9A4AD}
		{00EDEE5C-7305-4B96-93E2-AD366AF66AB8} = {6E904BBD-1BA0-44DC-BBD1-4A4FAD867BFB}
	EndGlobalSection
	GlobalSection(ExtensibilityGlobals) = postSolution
		SolutionGuid = {1A6DC717-9AF2-4E8C-A5CF-EE57FFF38830}
	EndGlobalSection
EndGlobal
